
Microsoft Visual Studio Solution File, Format Version 12.00
# Visual Studio Version 17
VisualStudioVersion = 17.5.33530.505
MinimumVisualStudioVersion = 10.0.40219.1
Project("{FAE04EC0-301F-11D3-BF4B-00C04F79EFBC}") = "GeoLibrary.ContainerDownloader", "src\GeoLibrary.ContainerDownloader\GeoLibrary.ContainerDownloader.csproj", "{DF64A985-30F3-48AC-BCF7-C4E55438E789}"
EndProject
Project("{FAE04EC0-301F-11D3-BF4B-00C04F79EFBC}") = "GeoLibrary.ContainerDownloader.Test", "src\GeoLibrary.ContainerDownloader.Test\GeoLibrary.ContainerDownloader.Test.csproj", "{F9B6101A-8B22-4443-9E40-598249AFE05F}"
EndProject
Global
	GlobalSection(SolutionConfigurationPlatforms) = preSolution
		Debug|Any CPU = Debug|Any CPU
		Release|Any CPU = Release|Any CPU
	EndGlobalSection
	GlobalSection(ProjectConfigurationPlatforms) = postSolution
		{DF64A985-30F3-48AC-BCF7-C4E55438E789}.Debug|Any CPU.ActiveCfg = Debug|Any CPU
		{DF64A985-30F3-48AC-BCF7-C4E55438E789}.Debug|Any CPU.Build.0 = Debug|Any CPU
		{DF64A985-30F3-48AC-BCF7-C4E55438E789}.Release|Any CPU.ActiveCfg = Release|Any CPU
		{DF64A985-30F3-48AC-BCF7-C4E55438E789}.Release|Any CPU.Build.0 = Release|Any CPU
		{F9B6101A-8B22-4443-9E40-598249AFE05F}.Debug|Any CPU.ActiveCfg = Debug|Any CPU
		{F9B6101A-8B22-4443-9E40-598249AFE05F}.Debug|Any CPU.Build.0 = Debug|Any CPU
		{F9B6101A-8B22-4443-9E40-598249AFE05F}.Release|Any CPU.ActiveCfg = Release|Any CPU
		{F9B6101A-8B22-4443-9E40-598249AFE05F}.Release|Any CPU.Build.0 = Release|Any CPU
	EndGlobalSection
	GlobalSection(SolutionProperties) = preSolution
		HideSolutionNode = FALSE
	EndGlobalSection
	GlobalSection(ExtensibilityGlobals) = postSolution
		SolutionGuid = {C3E847A0-31B2-4BD6-9F5D-6B393782B78F}
	EndGlobalSection
EndGlobal
